
Microsoft Visual Studio Solution File, Format Version 12.00
# Visual Studio Version 16
VisualStudioVersion = 16.0.29025.244
MinimumVisualStudioVersion = 15.0.26124.0
Project("{9A19103F-16F7-4668-BE54-9A1E7A4F7556}") = "core-api", "core-api\core-api.csproj", "{21C07F0D-7AAE-400D-9D9A-991BA730E12A}"
EndProject
Project("{9A19103F-16F7-4668-BE54-9A1E7A4F7556}") = "core-logging", "core-logging\core-logging.csproj", "{53502F34-1D65-48F5-A664-8F6CCC65EF52}"
EndProject
Project("{FAE04EC0-301F-11D3-BF4B-00C04F79EFBC}") = "core-auth", "core-auth\core-auth.csproj", "{34195666-41B2-4A01-BB71-D8CC16CC276F}"
EndProject
Global
	GlobalSection(SolutionConfigurationPlatforms) = preSolution
		Debug|Any CPU = Debug|Any CPU
		Debug|x64 = Debug|x64
		Debug|x86 = Debug|x86
		Release|Any CPU = Release|Any CPU
		Release|x64 = Release|x64
		Release|x86 = Release|x86
	EndGlobalSection
	GlobalSection(ProjectConfigurationPlatforms) = postSolution
		{21C07F0D-7AAE-400D-9D9A-991BA730E12A}.Debug|Any CPU.ActiveCfg = Debug|Any CPU
		{21C07F0D-7AAE-400D-9D9A-991BA730E12A}.Debug|Any CPU.Build.0 = Debug|Any CPU
		{21C07F0D-7AAE-400D-9D9A-991BA730E12A}.Debug|x64.ActiveCfg = Debug|Any CPU
		{21C07F0D-7AAE-400D-9D9A-991BA730E12A}.Debug|x64.Build.0 = Debug|Any CPU
		{21C07F0D-7AAE-400D-9D9A-991BA730E12A}.Debug|x86.ActiveCfg = Debug|Any CPU
		{21C07F0D-7AAE-400D-9D9A-991BA730E12A}.Debug|x86.Build.0 = Debug|Any CPU
		{21C07F0D-7AAE-400D-9D9A-991BA730E12A}.Release|Any CPU.ActiveCfg = Release|Any CPU
		{21C07F0D-7AAE-400D-9D9A-991BA730E12A}.Release|Any CPU.Build.0 = Release|Any CPU
		{21C07F0D-7AAE-400D-9D9A-991BA730E12A}.Release|x64.ActiveCfg = Release|Any CPU
		{21C07F0D-7AAE-400D-9D9A-991BA730E12A}.Release|x64.Build.0 = Release|Any CPU
		{21C07F0D-7AAE-400D-9D9A-991BA730E12A}.Release|x86.ActiveCfg = Release|Any CPU
		{21C07F0D-7AAE-400D-9D9A-991BA730E12A}.Release|x86.Build.0 = Release|Any CPU
		{53502F34-1D65-48F5-A664-8F6CCC65EF52}.Debug|Any CPU.ActiveCfg = Debug|Any CPU
		{53502F34-1D65-48F5-A664-8F6CCC65EF52}.Debug|Any CPU.Build.0 = Debug|Any CPU
		{53502F34-1D65-48F5-A664-8F6CCC65EF52}.Debug|x64.ActiveCfg = Debug|Any CPU
		{53502F34-1D65-48F5-A664-8F6CCC65EF52}.Debug|x64.Build.0 = Debug|Any CPU
		{53502F34-1D65-48F5-A664-8F6CCC65EF52}.Debug|x86.ActiveCfg = Debug|Any CPU
		{53502F34-1D65-48F5-A664-8F6CCC65EF52}.Debug|x86.Build.0 = Debug|Any CPU
		{53502F34-1D65-48F5-A664-8F6CCC65EF52}.Release|Any CPU.ActiveCfg = Release|Any CPU
		{53502F34-1D65-48F5-A664-8F6CCC65EF52}.Release|Any CPU.Build.0 = Release|Any CPU
		{53502F34-1D65-48F5-A664-8F6CCC65EF52}.Release|x64.ActiveCfg = Release|Any CPU
		{53502F34-1D65-48F5-A664-8F6CCC65EF52}.Release|x64.Build.0 = Release|Any CPU
		{53502F34-1D65-48F5-A664-8F6CCC65EF52}.Release|x86.ActiveCfg = Release|Any CPU
		{53502F34-1D65-48F5-A664-8F6CCC65EF52}.Release|x86.Build.0 = Release|Any CPU
		{34195666-41B2-4A01-BB71-D8CC16CC276F}.Debug|Any CPU.ActiveCfg = Debug|Any CPU
		{34195666-41B2-4A01-BB71-D8CC16CC276F}.Debug|Any CPU.Build.0 = Debug|Any CPU
		{34195666-41B2-4A01-BB71-D8CC16CC276F}.Debug|x64.ActiveCfg = Debug|Any CPU
		{34195666-41B2-4A01-BB71-D8CC16CC276F}.Debug|x64.Build.0 = Debug|Any CPU
		{34195666-41B2-4A01-BB71-D8CC16CC276F}.Debug|x86.ActiveCfg = Debug|Any CPU
		{34195666-41B2-4A01-BB71-D8CC16CC276F}.Debug|x86.Build.0 = Debug|Any CPU
		{34195666-41B2-4A01-BB71-D8CC16CC276F}.Release|Any CPU.ActiveCfg = Release|Any CPU
		{34195666-41B2-4A01-BB71-D8CC16CC276F}.Release|Any CPU.Build.0 = Release|Any CPU
		{34195666-41B2-4A01-BB71-D8CC16CC276F}.Release|x64.ActiveCfg = Release|Any CPU
		{34195666-41B2-4A01-BB71-D8CC16CC276F}.Release|x64.Build.0 = Release|Any CPU
		{34195666-41B2-4A01-BB71-D8CC16CC276F}.Release|x86.ActiveCfg = Release|Any CPU
		{34195666-41B2-4A01-BB71-D8CC16CC276F}.Release|x86.Build.0 = Release|Any CPU
	EndGlobalSection
	GlobalSection(SolutionProperties) = preSolution
		HideSolutionNode = FALSE
	EndGlobalSection
	GlobalSection(ExtensibilityGlobals) = postSolution
		SolutionGuid = {8202259E-211B-4A74-B027-728ABC5747C9}
	EndGlobalSection
EndGlobal
